
Microsoft Visual Studio Solution File, Format Version 12.00
# Visual Studio Version 17
VisualStudioVersion = 17.2.32526.322
MinimumVisualStudioVersion = 10.0.40219.1
Project("{FAE04EC0-301F-11D3-BF4B-00C04F79EFBC}") = "BasicForLoopsLab", "BasicForLoopsLab\BasicForLoopsLab.csproj", "{939B6BA2-014A-47C2-8F5B-623332E4B2ED}"
EndProject
Global
	GlobalSection(SolutionConfigurationPlatforms) = preSolution
		Debug|Any CPU = Debug|Any CPU
		Release|Any CPU = Release|Any CPU
	EndGlobalSection
	GlobalSection(ProjectConfigurationPlatforms) = postSolution
		{939B6BA2-014A-47C2-8F5B-623332E4B2ED}.Debug|Any CPU.ActiveCfg = Debug|Any CPU
		{939B6BA2-014A-47C2-8F5B-623332E4B2ED}.Debug|Any CPU.Build.0 = Debug|Any CPU
		{939B6BA2-014A-47C2-8F5B-623332E4B2ED}.Release|Any CPU.ActiveCfg = Release|Any CPU
		{939B6BA2-014A-47C2-8F5B-623332E4B2ED}.Release|Any CPU.Build.0 = Release|Any CPU
	EndGlobalSection
	GlobalSection(SolutionProperties) = preSolution
		HideSolutionNode = FALSE
	EndGlobalSection
	GlobalSection(ExtensibilityGlobals) = postSolution
		SolutionGuid = {5FE4EFA3-6534-494F-AF10-A8164DCC1B61}
	EndGlobalSection
EndGlobal
